  # module.analytics_vm.yandex_compute_instance.vm[0] will be created
  + resource "yandex_compute_instance" "vm" {
      + allow_stopping_for_update = true
      + created_at                = (known after apply)
      + description               = "TODO: description; {{terraform managed}}"
      + folder_id                 = (known after apply)
      + fqdn                      = (known after apply)
      + gpu_cluster_id            = (known after apply)
      + hostname                  = "stage-web-stage-0"
      + id                        = (known after apply)
      + labels                    = {
          + "label" = "analytics"
        }
      + maintenance_grace_period  = (known after apply)
      + maintenance_policy        = (known after apply)
      + metadata                  = {
          + "serial-port-enable" = "1"
          + "user-data"          = <<-EOT
                #cloud-config
                users:
                  - name: ubuntu
                    groups: sudo
                    shell: /bin/bash
                    sudo: ["ALL=(ALL) NOPASSWD:ALL"]
                    ssh_authorized_keys:
                      - ssh-ed25519 AAAAC3NzaC1lZDI1NTE5AAAAIIwHD1NNsy0gdrK+rZEtC/zuop/IQ74EJt/RZn/zS9Ig ubuntu@Terraform
                
                package_update: true
                package_upgrade: false
                packages:
                  - "vim"
                  - "nginx"
            EOT
        }
      + name                      = "stage-web-stage-0"
      + network_acceleration_type = "standard"
      + platform_id               = "standard-v1"
      + service_account_id        = (known after apply)
      + status                    = (known after apply)
      + zone                      = "ru-central1-a"

      + boot_disk {
          + auto_delete = true
          + device_name = (known after apply)
          + disk_id     = (known after apply)
          + mode        = (known after apply)

          + initialize_params {
              + block_size  = (known after apply)
              + description = (known after apply)
              + image_id    = "fd8hjvoj7ln4vjtiufn1"
              + name        = (known after apply)
              + size        = 10
              + snapshot_id = (known after apply)
              + type        = "network-hdd"
            }
        }

      + network_interface {
          + index              = (known after apply)
          + ip_address         = (known after apply)
          + ipv4               = true
          + ipv6               = (known after apply)
          + ipv6_address       = (known after apply)
          + mac_address        = (known after apply)
          + nat                = true
          + nat_ip_address     = (known after apply)
          + nat_ip_version     = (known after apply)
          + security_group_ids = (known after apply)
          + subnet_id          = (known after apply)
        }

      + resources {
          + core_fraction = 5
          + cores         = 2
          + memory        = 1
        }

      + scheduling_policy {
          + preemptible = true
        }
    }

  # module.cluster_mysql.yandex_mdb_mysql_cluster.cluster will be created
  + resource "yandex_mdb_mysql_cluster" "cluster" {
      + allow_regeneration_host   = false
      + backup_retain_period_days = (known after apply)
      + created_at                = (known after apply)
      + deletion_protection       = (known after apply)
      + environment               = "PRESTABLE"
      + folder_id                 = (known after apply)
      + health                    = (known after apply)
      + host_group_ids            = (known after apply)
      + id                        = (known after apply)
      + mysql_config              = (known after apply)
      + name                      = "Test_cluster"
      + network_id                = (known after apply)
      + status                    = (known after apply)
      + version                   = "8.0"

      + host {
          + assign_public_ip   = false
          + fqdn               = (known after apply)
          + replication_source = (known after apply)
          + subnet_id          = (known after apply)
          + zone               = "ru-central1-a"
        }

      + resources {
          + disk_size          = 10
          + disk_type_id       = "network-hdd"
          + resource_preset_id = "s2.micro"
        }
    }

  # module.marketing_vm.yandex_compute_instance.vm[0] will be created
  + resource "yandex_compute_instance" "vm" {
      + allow_stopping_for_update = true
      + created_at                = (known after apply)
      + description               = "TODO: description; {{terraform managed}}"
      + folder_id                 = (known after apply)
      + fqdn                      = (known after apply)
      + gpu_cluster_id            = (known after apply)
      + hostname                  = "develop-web-0"
      + id                        = (known after apply)
      + labels                    = {
          + "label" = "marketing"
        }
      + maintenance_grace_period  = (known after apply)
      + maintenance_policy        = (known after apply)
      + metadata                  = {
          + "serial-port-enable" = "1"
          + "user-data"          = <<-EOT
                #cloud-config
                users:
                  - name: ubuntu
                    groups: sudo
                    shell: /bin/bash
                    sudo: ["ALL=(ALL) NOPASSWD:ALL"]
                    ssh_authorized_keys:
                      - ssh-ed25519 AAAAC3NzaC1lZDI1NTE5AAAAIIwHD1NNsy0gdrK+rZEtC/zuop/IQ74EJt/RZn/zS9Ig ubuntu@Terraform
                
                package_update: true
                package_upgrade: false
                packages:
                  - "vim"
                  - "nginx"
            EOT
        }
      + name                      = "develop-web-0"
      + network_acceleration_type = "standard"
      + platform_id               = "standard-v1"
      + service_account_id        = (known after apply)
      + status                    = (known after apply)
      + zone                      = "ru-central1-a"

      + boot_disk {
          + auto_delete = true
          + device_name = (known after apply)
          + disk_id     = (known after apply)
          + mode        = (known after apply)

          + initialize_params {
              + block_size  = (known after apply)
              + description = (known after apply)
              + image_id    = "fd8hjvoj7ln4vjtiufn1"
              + name        = (known after apply)
              + size        = 10
              + snapshot_id = (known after apply)
              + type        = "network-hdd"
            }
        }

      + network_interface {
          + index              = (known after apply)
          + ip_address         = (known after apply)
          + ipv4               = true
          + ipv6               = (known after apply)
          + ipv6_address       = (known after apply)
          + mac_address        = (known after apply)
          + nat                = true
          + nat_ip_address     = (known after apply)
          + nat_ip_version     = (known after apply)
          + security_group_ids = (known after apply)
          + subnet_id          = (known after apply)
        }

      + resources {
          + core_fraction = 5
          + cores         = 2
          + memory        = 1
        }

      + scheduling_policy {
          + preemptible = true
        }
    }

  # module.vpc_dev.yandex_vpc_network.vpc_net will be created
  + resource "yandex_vpc_network" "vpc_net" {
      + created_at                = (known after apply)
      + default_security_group_id = (known after apply)
      + folder_id                 = (known after apply)
      + id                        = (known after apply)
      + labels                    = (known after apply)
      + name                      = "develop"
      + subnet_ids                = (known after apply)
    }

  # module.vpc_dev.yandex_vpc_subnet.vpc_subnet["ru-central1-a"] will be created
  + resource "yandex_vpc_subnet" "vpc_subnet" {
      + created_at     = (known after apply)
      + folder_id      = (known after apply)
      + id             = (known after apply)
      + labels         = (known after apply)
      + name           = "develop-subnet-ru-central1-a"
      + network_id     = (known after apply)
      + v4_cidr_blocks = [
          + "10.0.1.0/24",
        ]
      + v6_cidr_blocks = (known after apply)
      + zone           = "ru-central1-a"
    }

  # module.vpc_prod.yandex_vpc_network.vpc_net will be created
  + resource "yandex_vpc_network" "vpc_net" {
      + created_at                = (known after apply)
      + default_security_group_id = (known after apply)
      + folder_id                 = (known after apply)
      + id                        = (known after apply)
      + labels                    = (known after apply)
      + name                      = "production"
      + subnet_ids                = (known after apply)
    }

  # module.vpc_prod.yandex_vpc_subnet.vpc_subnet["ru-central1-a"] will be created
  + resource "yandex_vpc_subnet" "vpc_subnet" {
      + created_at     = (known after apply)
      + folder_id      = (known after apply)
      + id             = (known after apply)
      + labels         = (known after apply)
      + name           = "production-subnet-ru-central1-a"
      + network_id     = (known after apply)
      + v4_cidr_blocks = [
          + "10.0.1.0/24",
        ]
      + v6_cidr_blocks = (known after apply)
      + zone           = "ru-central1-a"
    }

  # module.vpc_prod.yandex_vpc_subnet.vpc_subnet["ru-central1-b"] will be created
  + resource "yandex_vpc_subnet" "vpc_subnet" {
      + created_at     = (known after apply)
      + folder_id      = (known after apply)
      + id             = (known after apply)
      + labels         = (known after apply)
      + name           = "production-subnet-ru-central1-b"
      + network_id     = (known after apply)
      + v4_cidr_blocks = [
          + "10.0.2.0/24",
        ]
      + v6_cidr_blocks = (known after apply)
      + zone           = "ru-central1-b"
    }

  # module.vpc_prod.yandex_vpc_subnet.vpc_subnet["ru-central1-d"] will be created
  + resource "yandex_vpc_subnet" "vpc_subnet" {
      + created_at     = (known after apply)
      + folder_id      = (known after apply)
      + id             = (known after apply)
      + labels         = (known after apply)
      + name           = "production-subnet-ru-central1-d"
      + network_id     = (known after apply)
      + v4_cidr_blocks = [
          + "10.0.3.0/24",
        ]
      + v6_cidr_blocks = (known after apply)
      + zone           = "ru-central1-d"
    }

Plan: 9 to add, 0 to change, 0 to destroy.
